
Microsoft Visual Studio Solution File, Format Version 12.00
# Visual Studio Version 17
VisualStudioVersion = 17.4.33213.308
MinimumVisualStudioVersion = 10.0.40219.1
Project("{FAE04EC0-301F-11D3-BF4B-00C04F79EFBC}") = "igry", "igry\igry.csproj", "{482D2E54-D1BC-4E82-A3E1-05C5E8454D96}"
EndProject
Global
	GlobalSection(SolutionConfigurationPlatforms) = preSolution
		Debug|Any CPU = Debug|Any CPU
		Release|Any CPU = Release|Any CPU
	EndGlobalSection
	GlobalSection(ProjectConfigurationPlatforms) = postSolution
		{482D2E54-D1BC-4E82-A3E1-05C5E8454D96}.Debug|Any CPU.ActiveCfg = Debug|Any CPU
		{482D2E54-D1BC-4E82-A3E1-05C5E8454D96}.Debug|Any CPU.Build.0 = Debug|Any CPU
		{482D2E54-D1BC-4E82-A3E1-05C5E8454D96}.Release|Any CPU.ActiveCfg = Release|Any CPU
		{482D2E54-D1BC-4E82-A3E1-05C5E8454D96}.Release|Any CPU.Build.0 = Release|Any CPU
	EndGlobalSection
	GlobalSection(SolutionProperties) = preSolution
		HideSolutionNode = FALSE
	EndGlobalSection
	GlobalSection(ExtensibilityGlobals) = postSolution
		SolutionGuid = {377C1163-EF9D-4DDF-A5B8-E4EA31956D43}
	EndGlobalSection
EndGlobal
